<?xml version="1.0" encoding="utf-8"?>
<Project ToolsVersion="4.0" xmlns="http://schemas.microsoft.com/developer/msbuild/2003">
  <ItemGroup>
    <ClCompile Include="pch.cpp" />
    <ClCompile Include="AtlHenTests.cpp" />
    <ClCompile Include="Main.cpp" />
    <ClCompile Include="$(MSBuildThisFileDirectory)..\..\lib\native\src\gtest\gtest-all.cc" />
    <ClCompile Include="$(MSBuildThisFileDirectory)..\..\lib\native\src\gmock\gmock-all.cc" />
    <ClCompile Include="AtlFreeServerTests.cpp" />
    <ClCompile Include="UtilityTests.cpp" />
    <ClCompile Include="ComFactoryTests.cpp" />
  </ItemGroup>
  <ItemGroup>
    <ClInclude Include="pch.h" />
    <ClInclude Include="Mocks\IHenMock.h">
      <Filter>Mocks</Filter>
    </ClInclude>
    <ClInclude Include="Mocks\IPostmanMock.h">
      <Filter>Mocks</Filter>
    </ClInclude>
  </ItemGroup>
  <ItemGroup>
    <None Include="packages.config" />
    <None Include="RegisterDependencies.bat" />
  </ItemGroup>
  <ItemGroup>
    <Filter Include="Mocks">
      <UniqueIdentifier>{8f99da9a-a6c3-4200-8a33-ee04d9693cb8}</UniqueIdentifier>
    </Filter>
  </ItemGroup>
</Project>