<?xml version="1.0" encoding="utf-8"?>
<Project ToolsVersion="4.0" xmlns="http://schemas.microsoft.com/developer/msbuild/2003">
  <ItemGroup>
    <Midl Include="IHen.idl" />
    <Midl Include="Interfaces.idl" />
    <Midl Include="IDog.idl" />
    <Midl Include="IPostman.idl" />
    <Midl Include="IPetShop.idl" />
    <Midl Include="IRoyalPython.idl" />
    <Midl Include="IListener.idl" />
  </ItemGroup>
  <ItemGroup>
    <None Include="readme.md" />
  </ItemGroup>
</Project>